<Solution>
  <Folder Name="/repo/">
    <File Path=".gitignore" />
    <File Path=".gitattributes" />
    <File Path=".editorconfig" />
    <File Path="Directory.Build.props" />
    <File Path="Directory.Packages.props" />
    <File Path="LICENSE" />
    <File Path="README.md" />
    <File Path="CLAUDE.md" />
    <File Path="AGENTS.md" />
    <File Path="CONTRIBUTING.md" />
  </Folder>
  <Folder Name="/src/core/">
    <Project Path="src/core/Voluta.Abstractions/Voluta.Abstractions.csproj" />
    <Project Path="src/core/Voluta/Voluta.csproj" />
    <Project Path="src/core/Voluta.DependencyInjection/Voluta.DependencyInjection.csproj" />
  </Folder>
  <Folder Name="/src/checkpoints/">
    <Project Path="src/checkpoints/Voluta.Checkpoints.File/Voluta.Checkpoints.File.csproj" />
    <Project Path="src/checkpoints/Voluta.Checkpoints.EntityFrameworkCore/Voluta.Checkpoints.EntityFrameworkCore.csproj" />
    <Project Path="src/checkpoints/Voluta.Checkpoints.S3/Voluta.Checkpoints.S3.csproj" />
    <Project Path="src/checkpoints/Voluta.Checkpoints.Redis/Voluta.Checkpoints.Redis.csproj" />
  </Folder>
  <Folder Name="/src/hosting/">
    <Project Path="src/hosting/Voluta.Hosting/Voluta.Hosting.csproj" />
    <Project Path="src/hosting/Voluta.OpenTelemetry/Voluta.OpenTelemetry.csproj" />
  </Folder>
  <Folder Name="/src/ops/">
    <Project Path="src/ops/Voluta.UI/Voluta.UI.csproj" />
  </Folder>
  <Folder Name="/src/agents/">
    <Project Path="src/agents/Voluta.Agents.AI/Voluta.Agents.AI.csproj" />
  </Folder>
  <Folder Name="/src/devtools/">
    <Project Path="src/devtools/Voluta.Testing/Voluta.Testing.csproj" />
    <Project Path="src/devtools/Voluta.Generators/Voluta.Generators.csproj" />
  </Folder>
  <Folder Name="/samples/">
    <Project Path="samples/Voluta.Samples.Shared/Voluta.Samples.Shared.csproj" />
    <Project Path="samples/HelloWorld/HelloWorld.csproj" />
    <Project Path="samples/InterruptResume/InterruptResume.csproj" />
    <Project Path="samples/AotSmoke/AotSmoke.csproj" />
    <Project Path="samples/ReviewBot/ReviewBot.csproj" />
    <Project Path="samples/DocQ/DocQ.csproj" />
    <Project Path="samples/MarketingAgent/MarketingAgent.csproj" />
    <Project Path="samples/MockAdMcp/MockAdMcp.csproj" />
    <Project Path="samples/UiHost/UiHost.csproj" />
    <Project Path="samples/StudioHost/StudioHost.csproj" />
    <Project Path="samples/WorkerHost/WorkerHost.csproj" />
  </Folder>
  <Folder Name="/templates/">
    <Project Path="templates/Voluta.Templates/Voluta.Templates.csproj" />
  </Folder>
  <Folder Name="/benchmarks/">
    <Project Path="benchmarks/Voluta.Benchmarks/Voluta.Benchmarks.csproj" />
  </Folder>
  <Folder Name="/tests/unit/">
    <Project Path="tests/unit/Voluta.Unit/Voluta.Unit.csproj" />
    <Project Path="tests/unit/Voluta.Abstractions.Unit/Voluta.Abstractions.Unit.csproj" />
    <Project Path="tests/unit/Voluta.DependencyInjection.Unit/Voluta.DependencyInjection.Unit.csproj" />
    <Project Path="tests/unit/Voluta.Testing.Unit/Voluta.Testing.Unit.csproj" />
    <Project Path="tests/unit/Voluta.Generators.Unit/Voluta.Generators.Unit.csproj" />
    <Project Path="tests/unit/Voluta.OpenTelemetry.Unit/Voluta.OpenTelemetry.Unit.csproj" />
    <Project Path="tests/unit/Voluta.Agents.AI.Unit/Voluta.Agents.AI.Unit.csproj" />
    <Project Path="tests/unit/Voluta.Architecture.Unit/Voluta.Architecture.Unit.csproj" />
    <Project Path="tests/unit/Voluta.Hosting.Unit/Voluta.Hosting.Unit.csproj" />
  </Folder>
  <Folder Name="/tests/unit/checkpoints/">
    <Project Path="tests/unit/checkpoints/Voluta.Checkpoints.File.Unit/Voluta.Checkpoints.File.Unit.csproj" />
    <Project Path="tests/unit/checkpoints/Voluta.Checkpoints.EntityFrameworkCore.Unit/Voluta.Checkpoints.EntityFrameworkCore.Unit.csproj" />
    <Project Path="tests/unit/checkpoints/Voluta.Checkpoints.S3.Unit/Voluta.Checkpoints.S3.Unit.csproj" />
    <Project Path="tests/unit/checkpoints/Voluta.Checkpoints.Redis.Unit/Voluta.Checkpoints.Redis.Unit.csproj" />
  </Folder>
  <Folder Name="/tests/integration/">
    <Project Path="tests/integration/Voluta.Integration/Voluta.Integration.csproj" />
  </Folder>
</Solution>
