<Solution>
  <Folder Name="/repo/">
    <File Path=".gitignore" />
    <File Path=".gitattributes" />
    <File Path=".editorconfig" />
    <File Path="Directory.Build.props" />
    <File Path="Directory.Packages.props" />
    <File Path="LICENSE" />
    <File Path="README.md" />
    <File Path="CLAUDE.md" />
    <File Path="AGENTS.md" />
    <File Path="CONTRIBUTING.md" />
  </Folder>
  <Folder Name="/src/">
    <Project Path="src/Voluta.Abstractions/Voluta.Abstractions.csproj" />
    <Project Path="src/Voluta/Voluta.csproj" />
    <Project Path="src/Voluta.DependencyInjection/Voluta.DependencyInjection.csproj" />
    <Project Path="src/Voluta.OpenTelemetry/Voluta.OpenTelemetry.csproj" />
    <Project Path="src/Voluta.Testing/Voluta.Testing.csproj" />
    <Project Path="src/Voluta.Generators/Voluta.Generators.csproj" />
    <Project Path="src/Voluta.Checkpoints.File/Voluta.Checkpoints.File.csproj" />
    <Project Path="src/Voluta.Checkpoints.EntityFrameworkCore/Voluta.Checkpoints.EntityFrameworkCore.csproj" />
    <Project Path="src/Voluta.Checkpoints.S3/Voluta.Checkpoints.S3.csproj" />
    <Project Path="src/Voluta.Agents.AI/Voluta.Agents.AI.csproj" />
    <Project Path="src/Voluta.UI/Voluta.UI.csproj" />
  </Folder>
  <Folder Name="/samples/">
    <Project Path="samples/Voluta.Samples.Shared/Voluta.Samples.Shared.csproj" />
    <Project Path="samples/HelloWorld/HelloWorld.csproj" />
    <Project Path="samples/InterruptResume/InterruptResume.csproj" />
    <Project Path="samples/AotSmoke/AotSmoke.csproj" />
    <Project Path="samples/ReviewBot/ReviewBot.csproj" />
    <Project Path="samples/DocQ/DocQ.csproj" />
    <Project Path="samples/MarketingAgent/MarketingAgent.csproj" />
    <Project Path="samples/MockAdMcp/MockAdMcp.csproj" />
    <Project Path="samples/UiHost/UiHost.csproj" />
  </Folder>
  <Folder Name="/benchmarks/">
    <Project Path="benchmarks/Voluta.Benchmarks/Voluta.Benchmarks.csproj" />
  </Folder>
  <Folder Name="/tests/">
    <Project Path="tests/Voluta.Unit/Voluta.Unit.csproj" />
    <Project Path="tests/Voluta.Abstractions.Unit/Voluta.Abstractions.Unit.csproj" />
    <Project Path="tests/Voluta.DependencyInjection.Unit/Voluta.DependencyInjection.Unit.csproj" />
    <Project Path="tests/Voluta.OpenTelemetry.Unit/Voluta.OpenTelemetry.Unit.csproj" />
    <Project Path="tests/Voluta.Agents.AI.Unit/Voluta.Agents.AI.Unit.csproj" />
    <Project Path="tests/Voluta.Testing.Unit/Voluta.Testing.Unit.csproj" />
    <Project Path="tests/Voluta.Generators.Unit/Voluta.Generators.Unit.csproj" />
    <Project Path="tests/Voluta.Integration/Voluta.Integration.csproj" />
    <Project Path="tests/Voluta.Checkpoints.File.Unit/Voluta.Checkpoints.File.Unit.csproj" />
    <Project Path="tests/Voluta.Checkpoints.EntityFrameworkCore.Unit/Voluta.Checkpoints.EntityFrameworkCore.Unit.csproj" />
    <Project Path="tests/Voluta.Checkpoints.S3.Unit/Voluta.Checkpoints.S3.Unit.csproj" />
    <Project Path="tests/Voluta.Architecture.Unit/Voluta.Architecture.Unit.csproj" />
  </Folder>
</Solution>
